
Microsoft Visual Studio Solution File, Format Version 12.00
# Visual Studio 15
VisualStudioVersion = 15.0.27130.2003
MinimumVisualStudioVersion = 10.0.40219.1
Project("{9A19103F-16F7-4668-BE54-9A1E7A4F7556}") = "DR.Core", "DR.Core\DR.Core.csproj", "{A156A662-44FD-481B-BC0F-7FFA00DEF156}"
EndProject
Project("{FAE04EC0-301F-11D3-BF4B-00C04F79EFBC}") = "DR.Tests", "DR.Tests\DR.Tests.csproj", "{B45ABEAC-2A07-475F-8BB4-08ED26BC0174}"
EndProject
Project("{2150E333-8FDC-42A3-9474-1A3956D46DE8}") = "Business", "Business", "{CF3B36D8-EE4D-4CF0-BFAD-9D65D031DC06}"
EndProject
Project("{2150E333-8FDC-42A3-9474-1A3956D46DE8}") = "Core", "Core", "{6F67DA62-3B4D-4A49-B9F1-8D5769F01C70}"
EndProject
Project("{2150E333-8FDC-42A3-9474-1A3956D46DE8}") = "Tests", "Tests", "{9AD330EC-829B-43D4-913A-A98E47084FCF}"
EndProject
Project("{2150E333-8FDC-42A3-9474-1A3956D46DE8}") = "Client", "Client", "{878869C3-6BA0-42F0-B4A4-63D7483DEDA1}"
EndProject
Project("{2150E333-8FDC-42A3-9474-1A3956D46DE8}") = "Data", "Data", "{FB7F2A13-458C-4C83-95F3-E048274545CA}"
EndProject
Project("{FAE04EC0-301F-11D3-BF4B-00C04F79EFBC}") = "DR.Data", "DR.Data\DR.Data.csproj", "{FF5F254E-F32C-4FB4-BC7C-3993DBEA996F}"
EndProject
Project("{2150E333-8FDC-42A3-9474-1A3956D46DE8}") = "Services", "Services", "{77262BA0-7E24-46FB-A6BB-D8B351D12373}"
EndProject
Project("{FAE04EC0-301F-11D3-BF4B-00C04F79EFBC}") = "DR.Services.Contracts", "DR.Services.Contracts\DR.Services.Contracts.csproj", "{DC5DD56E-779F-4538-ACF9-0D2BA181CA4F}"
EndProject
Project("{FAE04EC0-301F-11D3-BF4B-00C04F79EFBC}") = "DR.Services.Managers", "DR.Services.Managers\DR.Services.Managers.csproj", "{A2C3AFE0-CFC6-4B85-9883-0E884671DF44}"
EndProject
Project("{2150E333-8FDC-42A3-9474-1A3956D46DE8}") = "ServiceHosting", "ServiceHosting", "{1C3DDC7C-AAE0-4AAC-9D7D-11FACF0C4BD4}"
EndProject
Project("{FAE04EC0-301F-11D3-BF4B-00C04F79EFBC}") = "DR.ServiceHost.Console", "DR.ServiceHost.Console\DR.ServiceHost.Console.csproj", "{CE0D9143-0473-4696-A873-E5BD1F2D73FA}"
EndProject
Project("{FAE04EC0-301F-11D3-BF4B-00C04F79EFBC}") = "DR.Services.WebAPI", "DR.Services.WebAPI\DR.Services.WebAPI.csproj", "{F83A6886-D937-4738-94BF-7BF058BB791B}"
EndProject
Global
	GlobalSection(SolutionConfigurationPlatforms) = preSolution
		Debug|Any CPU = Debug|Any CPU
		Release|Any CPU = Release|Any CPU
	EndGlobalSection
	GlobalSection(ProjectConfigurationPlatforms) = postSolution
		{A156A662-44FD-481B-BC0F-7FFA00DEF156}.Debug|Any CPU.ActiveCfg = Debug|Any CPU
		{A156A662-44FD-481B-BC0F-7FFA00DEF156}.Debug|Any CPU.Build.0 = Debug|Any CPU
		{A156A662-44FD-481B-BC0F-7FFA00DEF156}.Release|Any CPU.ActiveCfg = Release|Any CPU
		{A156A662-44FD-481B-BC0F-7FFA00DEF156}.Release|Any CPU.Build.0 = Release|Any CPU
		{B45ABEAC-2A07-475F-8BB4-08ED26BC0174}.Debug|Any CPU.ActiveCfg = Debug|Any CPU
		{B45ABEAC-2A07-475F-8BB4-08ED26BC0174}.Debug|Any CPU.Build.0 = Debug|Any CPU
		{B45ABEAC-2A07-475F-8BB4-08ED26BC0174}.Release|Any CPU.ActiveCfg = Release|Any CPU
		{B45ABEAC-2A07-475F-8BB4-08ED26BC0174}.Release|Any CPU.Build.0 = Release|Any CPU
		{FF5F254E-F32C-4FB4-BC7C-3993DBEA996F}.Debug|Any CPU.ActiveCfg = Debug|Any CPU
		{FF5F254E-F32C-4FB4-BC7C-3993DBEA996F}.Debug|Any CPU.Build.0 = Debug|Any CPU
		{FF5F254E-F32C-4FB4-BC7C-3993DBEA996F}.Release|Any CPU.ActiveCfg = Release|Any CPU
		{FF5F254E-F32C-4FB4-BC7C-3993DBEA996F}.Release|Any CPU.Build.0 = Release|Any CPU
		{DC5DD56E-779F-4538-ACF9-0D2BA181CA4F}.Debug|Any CPU.ActiveCfg = Debug|Any CPU
		{DC5DD56E-779F-4538-ACF9-0D2BA181CA4F}.Debug|Any CPU.Build.0 = Debug|Any CPU
		{DC5DD56E-779F-4538-ACF9-0D2BA181CA4F}.Release|Any CPU.ActiveCfg = Release|Any CPU
		{DC5DD56E-779F-4538-ACF9-0D2BA181CA4F}.Release|Any CPU.Build.0 = Release|Any CPU
		{A2C3AFE0-CFC6-4B85-9883-0E884671DF44}.Debug|Any CPU.ActiveCfg = Debug|Any CPU
		{A2C3AFE0-CFC6-4B85-9883-0E884671DF44}.Debug|Any CPU.Build.0 = Debug|Any CPU
		{A2C3AFE0-CFC6-4B85-9883-0E884671DF44}.Release|Any CPU.ActiveCfg = Release|Any CPU
		{A2C3AFE0-CFC6-4B85-9883-0E884671DF44}.Release|Any CPU.Build.0 = Release|Any CPU
		{CE0D9143-0473-4696-A873-E5BD1F2D73FA}.Debug|Any CPU.ActiveCfg = Debug|Any CPU
		{CE0D9143-0473-4696-A873-E5BD1F2D73FA}.Debug|Any CPU.Build.0 = Debug|Any CPU
		{CE0D9143-0473-4696-A873-E5BD1F2D73FA}.Release|Any CPU.ActiveCfg = Release|Any CPU
		{CE0D9143-0473-4696-A873-E5BD1F2D73FA}.Release|Any CPU.Build.0 = Release|Any CPU
		{F83A6886-D937-4738-94BF-7BF058BB791B}.Debug|Any CPU.ActiveCfg = Debug|Any CPU
		{F83A6886-D937-4738-94BF-7BF058BB791B}.Debug|Any CPU.Build.0 = Debug|Any CPU
		{F83A6886-D937-4738-94BF-7BF058BB791B}.Release|Any CPU.ActiveCfg = Release|Any CPU
		{F83A6886-D937-4738-94BF-7BF058BB791B}.Release|Any CPU.Build.0 = Release|Any CPU
	EndGlobalSection
	GlobalSection(SolutionProperties) = preSolution
		HideSolutionNode = FALSE
	EndGlobalSection
	GlobalSection(NestedProjects) = preSolution
		{A156A662-44FD-481B-BC0F-7FFA00DEF156} = {6F67DA62-3B4D-4A49-B9F1-8D5769F01C70}
		{B45ABEAC-2A07-475F-8BB4-08ED26BC0174} = {9AD330EC-829B-43D4-913A-A98E47084FCF}
		{FF5F254E-F32C-4FB4-BC7C-3993DBEA996F} = {FB7F2A13-458C-4C83-95F3-E048274545CA}
		{DC5DD56E-779F-4538-ACF9-0D2BA181CA4F} = {77262BA0-7E24-46FB-A6BB-D8B351D12373}
		{A2C3AFE0-CFC6-4B85-9883-0E884671DF44} = {77262BA0-7E24-46FB-A6BB-D8B351D12373}
		{CE0D9143-0473-4696-A873-E5BD1F2D73FA} = {1C3DDC7C-AAE0-4AAC-9D7D-11FACF0C4BD4}
		{F83A6886-D937-4738-94BF-7BF058BB791B} = {77262BA0-7E24-46FB-A6BB-D8B351D12373}
	EndGlobalSection
	GlobalSection(ExtensibilityGlobals) = postSolution
		SolutionGuid = {F7FA5B3E-61CA-4113-9709-C779F731A397}
	EndGlobalSection
EndGlobal
