
Microsoft Visual Studio Solution File, Format Version 12.00
# Visual Studio 15
VisualStudioVersion = 15.0.27004.2005
MinimumVisualStudioVersion = 10.0.40219.1
Project("{FAE04EC0-301F-11D3-BF4B-00C04F79EFBC}") = "DR.Core", "DR.Core\DR.Core.csproj", "{A156A662-44FD-481B-BC0F-7FFA00DEF156}"
EndProject
Project("{FAE04EC0-301F-11D3-BF4B-00C04F79EFBC}") = "DR.Data", "DR.Data\DR.Data.csproj", "{6D309C8E-785E-4021-9AAD-A6EE7880086B}"
EndProject
Project("{FAE04EC0-301F-11D3-BF4B-00C04F79EFBC}") = "DR.Tests", "DR.Tests\DR.Tests.csproj", "{B45ABEAC-2A07-475F-8BB4-08ED26BC0174}"
EndProject
Global
	GlobalSection(SolutionConfigurationPlatforms) = preSolution
		Debug|Any CPU = Debug|Any CPU
		Release|Any CPU = Release|Any CPU
	EndGlobalSection
	GlobalSection(ProjectConfigurationPlatforms) = postSolution
		{A156A662-44FD-481B-BC0F-7FFA00DEF156}.Debug|Any CPU.ActiveCfg = Debug|Any CPU
		{A156A662-44FD-481B-BC0F-7FFA00DEF156}.Debug|Any CPU.Build.0 = Debug|Any CPU
		{A156A662-44FD-481B-BC0F-7FFA00DEF156}.Release|Any CPU.ActiveCfg = Release|Any CPU
		{A156A662-44FD-481B-BC0F-7FFA00DEF156}.Release|Any CPU.Build.0 = Release|Any CPU
		{6D309C8E-785E-4021-9AAD-A6EE7880086B}.Debug|Any CPU.ActiveCfg = Debug|Any CPU
		{6D309C8E-785E-4021-9AAD-A6EE7880086B}.Debug|Any CPU.Build.0 = Debug|Any CPU
		{6D309C8E-785E-4021-9AAD-A6EE7880086B}.Release|Any CPU.ActiveCfg = Release|Any CPU
		{6D309C8E-785E-4021-9AAD-A6EE7880086B}.Release|Any CPU.Build.0 = Release|Any CPU
		{B45ABEAC-2A07-475F-8BB4-08ED26BC0174}.Debug|Any CPU.ActiveCfg = Debug|Any CPU
		{B45ABEAC-2A07-475F-8BB4-08ED26BC0174}.Debug|Any CPU.Build.0 = Debug|Any CPU
		{B45ABEAC-2A07-475F-8BB4-08ED26BC0174}.Release|Any CPU.ActiveCfg = Release|Any CPU
		{B45ABEAC-2A07-475F-8BB4-08ED26BC0174}.Release|Any CPU.Build.0 = Release|Any CPU
	EndGlobalSection
	GlobalSection(SolutionProperties) = preSolution
		HideSolutionNode = FALSE
	EndGlobalSection
	GlobalSection(ExtensibilityGlobals) = postSolution
		SolutionGuid = {F7FA5B3E-61CA-4113-9709-C779F731A397}
	EndGlobalSection
EndGlobal
